
Microsoft Visual Studio Solution File, Format Version 12.00
# Visual Studio Version 17
VisualStudioVersion = 17.0.32014.148
MinimumVisualStudioVersion = 10.0.40219.1
Project("{FAE04EC0-301F-11D3-BF4B-00C04F79EFBC}") = "payroll", "payroll.csproj", "{C829BAB3-5095-4916-89EE-D73AF639E078}"
EndProject
Global
	GlobalSection(SolutionConfigurationPlatforms) = preSolution
		Debug|Any CPU = Debug|Any CPU
		Release|Any CPU = Release|Any CPU
	EndGlobalSection
	GlobalSection(ProjectConfigurationPlatforms) = postSolution
		{C829BAB3-5095-4916-89EE-D73AF639E078}.Debug|Any CPU.ActiveCfg = Debug|Any CPU
		{C829BAB3-5095-4916-89EE-D73AF639E078}.Debug|Any CPU.Build.0 = Debug|Any CPU
		{C829BAB3-5095-4916-89EE-D73AF639E078}.Release|Any CPU.ActiveCfg = Release|Any CPU
		{C829BAB3-5095-4916-89EE-D73AF639E078}.Release|Any CPU.Build.0 = Release|Any CPU
	EndGlobalSection
	GlobalSection(SolutionProperties) = preSolution
		HideSolutionNode = FALSE
	EndGlobalSection
	GlobalSection(ExtensibilityGlobals) = postSolution
		SolutionGuid = {135971E2-F2A9-425A-B8A4-FED419D11D33}
	EndGlobalSection
EndGlobal
